
Microsoft Visual Studio Solution File, Format Version 12.00
# Visual Studio Version 17
VisualStudioVersion = 17.9.34728.123
MinimumVisualStudioVersion = 10.0.40219.1
Project("{FAE04EC0-301F-11D3-BF4B-00C04F79EFBC}") = "PasswordComparerSharp", "PasswordComparerSharp\PasswordComparerSharp.csproj", "{1650B828-4091-4CD4-86E5-1C3927D0D73D}"
EndProject
Global
	GlobalSection(SolutionConfigurationPlatforms) = preSolution
		Debug|Any CPU = Debug|Any CPU
		Release|Any CPU = Release|Any CPU
	EndGlobalSection
	GlobalSection(ProjectConfigurationPlatforms) = postSolution
		{1650B828-4091-4CD4-86E5-1C3927D0D73D}.Debug|Any CPU.ActiveCfg = Debug|Any CPU
		{1650B828-4091-4CD4-86E5-1C3927D0D73D}.Debug|Any CPU.Build.0 = Debug|Any CPU
		{1650B828-4091-4CD4-86E5-1C3927D0D73D}.Release|Any CPU.ActiveCfg = Release|Any CPU
		{1650B828-4091-4CD4-86E5-1C3927D0D73D}.Release|Any CPU.Build.0 = Release|Any CPU
	EndGlobalSection
	GlobalSection(SolutionProperties) = preSolution
		HideSolutionNode = FALSE
	EndGlobalSection
	GlobalSection(ExtensibilityGlobals) = postSolution
		SolutionGuid = {09495AFB-F745-42A9-A033-98AB58985E44}
	EndGlobalSection
EndGlobal
